
Microsoft Visual Studio Solution File, Format Version 12.00
# Visual Studio 15
VisualStudioVersion = 15.0.28307.539
MinimumVisualStudioVersion = 10.0.40219.1
Project("{FAE04EC0-301F-11D3-BF4B-00C04F79EFBC}") = "Circle of Death", "Circle of Death\Circle of Death.csproj", "{570CB8B2-2E6B-4363-BEB0-9886659F3E88}"
EndProject
Global
	GlobalSection(SolutionConfigurationPlatforms) = preSolution
		Debug|Any CPU = Debug|Any CPU
		Release|Any CPU = Release|Any CPU
	EndGlobalSection
	GlobalSection(ProjectConfigurationPlatforms) = postSolution
		{570CB8B2-2E6B-4363-BEB0-9886659F3E88}.Debug|Any CPU.ActiveCfg = Debug|Any CPU
		{570CB8B2-2E6B-4363-BEB0-9886659F3E88}.Debug|Any CPU.Build.0 = Debug|Any CPU
		{570CB8B2-2E6B-4363-BEB0-9886659F3E88}.Release|Any CPU.ActiveCfg = Release|Any CPU
		{570CB8B2-2E6B-4363-BEB0-9886659F3E88}.Release|Any CPU.Build.0 = Release|Any CPU
	EndGlobalSection
	GlobalSection(SolutionProperties) = preSolution
		HideSolutionNode = FALSE
	EndGlobalSection
	GlobalSection(ExtensibilityGlobals) = postSolution
		SolutionGuid = {A4E557E0-12CD-41B9-B61F-AA6BEF2BEF5B}
	EndGlobalSection
EndGlobal
